
Microsoft Visual Studio Solution File, Format Version 12.00
# Visual Studio Version 16
VisualStudioVersion = 16.0.29201.188
MinimumVisualStudioVersion = 10.0.40219.1
Project("{FAE04EC0-301F-11D3-BF4B-00C04F79EFBC}") = "HarvestBrowserPasswords", "HarvestBrowserPasswords.csproj", "{9F44BF2E-C4D8-443F-BDD7-86632E1AB226}"
EndProject
Global
	GlobalSection(SolutionConfigurationPlatforms) = preSolution
		Debug|Any CPU = Debug|Any CPU
		Release|Any CPU = Release|Any CPU
	EndGlobalSection
	GlobalSection(ProjectConfigurationPlatforms) = postSolution
		{9F44BF2E-C4D8-443F-BDD7-86632E1AB226}.Debug|Any CPU.ActiveCfg = Debug|Any CPU
		{9F44BF2E-C4D8-443F-BDD7-86632E1AB226}.Debug|Any CPU.Build.0 = Debug|Any CPU
		{9F44BF2E-C4D8-443F-BDD7-86632E1AB226}.Release|Any CPU.ActiveCfg = Release|Any CPU
		{9F44BF2E-C4D8-443F-BDD7-86632E1AB226}.Release|Any CPU.Build.0 = Release|Any CPU
	EndGlobalSection
	GlobalSection(SolutionProperties) = preSolution
		HideSolutionNode = FALSE
	EndGlobalSection
	GlobalSection(ExtensibilityGlobals) = postSolution
		SolutionGuid = {8603105E-1DCC-4A42-8A37-664E9D17B277}
	EndGlobalSection
EndGlobal
